
Microsoft Visual Studio Solution File, Format Version 12.00
# Visual Studio 15
VisualStudioVersion = 15.0.28010.2026
MinimumVisualStudioVersion = 10.0.40219.1
Project("{7CF6DF6D-3B04-46F8-A40B-537D21BCA0B4}") = "SCUtility", "SCUtility.shfbproj", "{FC3D4B9A-26A2-467F-8952-1EEA4FF8BC4A}"
EndProject
Global
	GlobalSection(SolutionConfigurationPlatforms) = preSolution
		Debug|Any CPU = Debug|Any CPU
		Release|Any CPU = Release|Any CPU
	EndGlobalSection
	GlobalSection(ProjectConfigurationPlatforms) = postSolution
		{FC3D4B9A-26A2-467F-8952-1EEA4FF8BC4A}.Debug|Any CPU.ActiveCfg = Debug|Any CPU
		{FC3D4B9A-26A2-467F-8952-1EEA4FF8BC4A}.Debug|Any CPU.Build.0 = Debug|Any CPU
		{FC3D4B9A-26A2-467F-8952-1EEA4FF8BC4A}.Release|Any CPU.ActiveCfg = Release|Any CPU
		{FC3D4B9A-26A2-467F-8952-1EEA4FF8BC4A}.Release|Any CPU.Build.0 = Release|Any CPU
	EndGlobalSection
	GlobalSection(SolutionProperties) = preSolution
		HideSolutionNode = FALSE
	EndGlobalSection
	GlobalSection(ExtensibilityGlobals) = postSolution
		SolutionGuid = {445468FA-B110-4088-93F2-0ABFF6A9BD23}
	EndGlobalSection
EndGlobal
